// !$*UTF8*$!
{
	archiveVersion = 1;
	classes = {
	};
	objectVersion = 46;
	objects = {

/* Begin PBXBuildFile section */
		EF4D970F1A8F864F003346C5 /* main.m in Sources */ = {isa = PBXBuildFile; fileRef = EF4D970E1A8F864F003346C5 /* main.m */; };
		EF4D97121A8F864F003346C5 /* AppDelegate.m in Sources */ = {isa = PBXBuildFile; fileRef = EF4D97111A8F864F003346C5 /* AppDelegate.m */; };
		EF4D97151A8F864F003346C5 /* ViewController.m in Sources */ = {isa = PBXBuildFile; fileRef = EF4D97141A8F864F003346C5 /* ViewController.m */; };
		EF4D97181A8F864F003346C5 /* Main.storyboard in Resources */ = {isa = PBXBuildFile; fileRef = EF4D97161A8F864F003346C5 /* Main.storyboard */; };
		EF4D971A1A8F864F003346C5 /* Images.xcassets in Resources */ = {isa = PBXBuildFile; fileRef = EF4D97191A8F864F003346C5 /* Images.xcassets */; };
		EF4D971D1A8F864F003346C5 /* LaunchScreen.xib in Resources */ = {isa = PBXBuildFile; fileRef = EF4D971B1A8F864F003346C5 /* LaunchScreen.xib */; };
		EF4D97291A8F864F003346C5 /* TableViewCellScrollTests.m in Sources */ = {isa = PBXBuildFile; fileRef = EF4D97281A8F864F003346C5 /* TableViewCellScrollTests.m */; };
/* End PBXBuildFile section */

/* Begin PBXContainerItemProxy section */
		EF4D97231A8F864F003346C5 /* PBXContainerItemProxy */ = {
			isa = PBXContainerItemProxy;
			containerPortal = EF4D97011A8F864F003346C5 /* Project object */;
			proxyType = 1;
			remoteGlobalIDString = EF4D97081A8F864F003346C5;
			remoteInfo = TableViewCellScroll;
		};
/* End PBXContainerItemProxy section */

/* Begin PBXFileReference section */
		EF4D97091A8F864F003346C5 /* TableViewCellScroll.app */ = {isa = PBXFileReference; explicitFileType = wrapper.application; includeInIndex = 0; path = TableViewCellScroll.app; sourceTree = BUILT_PRODUCTS_DIR; };
		EF4D970D1A8F864F003346C5 /* Info.plist */ = {isa = PBXFileReference; lastKnownFileType = text.plist.xml; path = Info.plist; sourceTree = "<group>"; };
		EF4D970E1A8F864F003346C5 /* main.m */ = {isa = PBXFileReference; lastKnownFileType = sourcecode.c.objc; path = main.m; sourceTree = "<group>"; };
		EF4D97101A8F864F003346C5 /* AppDelegate.h */ = {isa = PBXFileReference; lastKnownFileType = sourcecode.c.h; path = AppDelegate.h; sourceTree = "<group>"; };
		EF4D97111A8F864F003346C5 /* AppDelegate.m */ = {isa = PBXFileReference; lastKnownFileType = sourcecode.c.objc; path = AppDelegate.m; sourceTree = "<group>"; };
		EF4D97131A8F864F003346C5 /* ViewController.h */ = {isa = PBXFileReference; lastKnownFileType = sourcecode.c.h; path = ViewController.h; sourceTree = "<group>"; };
		EF4D97141A8F864F003346C5 /* ViewController.m */ = {isa = PBXFileReference; lastKnownFileType = sourcecode.c.objc; path = ViewController.m; sourceTree = "<group>"; };
		EF4D97171A8F864F003346C5 /* Base */ = {isa = PBXFileReference; lastKnownFileType = file.storyboard; name = Base; path = Base.lproj/Main.storyboard; sourceTree = "<group>"; };
		EF4D97191A8F864F003346C5 /* Images.xcassets */ = {isa = PBXFileReference; lastKnownFileType = folder.assetcatalog; path = Images.xcassets; sourceTree = "<group>"; };
		EF4D971C1A8F864F003346C5 /* Base */ = {isa = PBXFileReference; lastKnownFileType = file.xib; name = Base; path = Base.lproj/LaunchScreen.xib; sourceTree = "<group>"; };
		EF4D97221A8F864F003346C5 /* TableViewCellScrollTests.xctest */ = {isa = PBXFileReference; explicitFileType = wrapper.cfbundle; includeInIndex = 0; path = TableViewCellScrollTests.xctest; sourceTree = BUILT_PRODUCTS_DIR; };
		EF4D97271A8F864F003346C5 /* Info.plist */ = {isa = PBXFileReference; lastKnownFileType = text.plist.xml; path = Info.plist; sourceTree = "<group>"; };
		EF4D97281A8F864F003346C5 /* TableViewCellScrollTests.m */ = {isa = PBXFileReference; lastKnownFileType = sourcecode.c.objc; path = TableViewCellScrollTests.m; sourceTree = "<group>"; };
/* End PBXFileReference section */

/* Begin PBXFrameworksBuildPhase section */
		EF4D97061A8F864F003346C5 /* Frameworks */ = {
			isa = PBXFrameworksBuildPhase;
			buildActionMask = 2147483647;
			files = (
			);
			runOnlyForDeploymentPostprocessing = 0;
		};
		EF4D971F1A8F864F003346C5 /* Frameworks */ = {
			isa = PBXFrameworksBuildPhase;
			buildActionMask = 2147483647;
			files = (
			);
			runOnlyForDeploymentPostprocessing = 0;
		};
/* End PBXFrameworksBuildPhase section */

/* Begin PBXGroup section */
		EF4D97001A8F864F003346C5 = {
			isa = PBXGroup;
			children = (
				EF4D970B1A8F864F003346C5 /* TableViewCellScroll */,
				EF4D97251A8F864F003346C5 /* TableViewCellScrollTests */,
				EF4D970A1A8F864F003346C5 /* Products */,
			);
			sourceTree = "<group>";
		};
		EF4D970A1A8F864F003346C5 /* Products */ = {
			isa = PBXGroup;
			children = (
				EF4D97091A8F864F003346C5 /* TableViewCellScroll.app */,
				EF4D97221A8F864F003346C5 /* TableViewCellScrollTests.xctest */,
			);
			name = Products;
			sourceTree = "<group>";
		};
		EF4D970B1A8F864F003346C5 /* TableViewCellScroll */ = {
			isa = PBXGroup;
			children = (
				EF4D97101A8F864F003346C5 /* AppDelegate.h */,
				EF4D97111A8F864F003346C5 /* AppDelegate.m */,
				EF4D97131A8F864F003346C5 /* ViewController.h */,
				EF4D97141A8F864F003346C5 /* ViewController.m */,
				EF4D97161A8F864F003346C5 /* Main.storyboard */,
				EF4D97191A8F864F003346C5 /* Images.xcassets */,
				EF4D971B1A8F864F003346C5 /* LaunchScreen.xib */,
				EF4D970C1A8F864F003346C5 /* Supporting Files */,
			);
			path = TableViewCellScroll;
			sourceTree = "<group>";
		};
		EF4D970C1A8F864F003346C5 /* Supporting Files */ = {
			isa = PBXGroup;
			children = (
				EF4D970D1A8F864F003346C5 /* Info.plist */,
				EF4D970E1A8F864F003346C5 /* main.m */,
			);
			name = "Supporting Files";
			sourceTree = "<group>";
		};
		EF4D97251A8F864F003346C5 /* TableViewCellScrollTests */ = {
			isa = PBXGroup;
			children = (
				EF4D97281A8F864F003346C5 /* TableViewCellScrollTests.m */,
				EF4D97261A8F864F003346C5 /* Supporting Files */,
			);
			path = TableViewCellScrollTests;
			sourceTree = "<group>";
		};
		EF4D97261A8F864F003346C5 /* Supporting Files */ = {
			isa = PBXGroup;
			children = (
				EF4D97271A8F864F003346C5 /* Info.plist */,
			);
			name = "Supporting Files";
			sourceTree = "<group>";
		};
/* End PBXGroup section */

/* Begin PBXNativeTarget section */
		EF4D97081A8F864F003346C5 /* TableViewCellScroll */ = {
			isa = PBXNativeTarget;
			buildConfigurationList = EF4D972C1A8F864F003346C5 /* Build configuration list for PBXNativeTarget "TableViewCellScroll" */;
			buildPhases = (
				EF4D97051A8F864F003346C5 /* Sources */,
				EF4D97061A8F864F003346C5 /* Frameworks */,
				EF4D97071A8F864F003346C5 /* Resources */,
			);
			buildRules = (
			);
			dependencies = (
			);
			name = TableViewCellScroll;
			productName = TableViewCellScroll;
			productReference = EF4D97091A8F864F003346C5 /* TableViewCellScroll.app */;
			productType = "com.apple.product-type.application";
		};
		EF4D97211A8F864F003346C5 /* TableViewCellScrollTests */ = {
			isa = PBXNativeTarget;
			buildConfigurationList = EF4D972F1A8F864F003346C5 /* Build configuration list for PBXNativeTarget "TableViewCellScrollTests" */;
			buildPhases = (
				EF4D971E1A8F864F003346C5 /* Sources */,
				EF4D971F1A8F864F003346C5 /* Frameworks */,
				EF4D97201A8F864F003346C5 /* Resources */,
			);
			buildRules = (
			);
			dependencies = (
				EF4D97241A8F864F003346C5 /* PBXTargetDependency */,
			);
			name = TableViewCellScrollTests;
			productName = TableViewCellScrollTests;
			productReference = EF4D97221A8F864F003346C5 /* TableViewCellScrollTests.xctest */;
			productType = "com.apple.product-type.bundle.unit-test";
		};
/* End PBXNativeTarget section */

/* Begin PBXProject section */
		EF4D97011A8F864F003346C5 /* Project object */ = {
			isa = PBXProject;
			attributes = {
				LastUpgradeCheck = 0600;
				ORGANIZATIONNAME = Kirusa;
				TargetAttributes = {
					EF4D97081A8F864F003346C5 = {
						CreatedOnToolsVersion = 6.0.1;
					};
					EF4D97211A8F864F003346C5 = {
						CreatedOnToolsVersion = 6.0.1;
						TestTargetID = EF4D97081A8F864F003346C5;
					};
				};
			};
			buildConfigurationList = EF4D97041A8F864F003346C5 /* Build configuration list for PBXProject "TableViewCellScroll" */;
			compatibilityVersion = "Xcode 3.2";
			developmentRegion = English;
			hasScannedForEncodings = 0;
			knownRegions = (
				en,
				Base,
			);
			mainGroup = EF4D97001A8F864F003346C5;
			productRefGroup = EF4D970A1A8F864F003346C5 /* Products */;
			projectDirPath = "";
			projectRoot = "";
			targets = (
				EF4D97081A8F864F003346C5 /* TableViewCellScroll */,
				EF4D97211A8F864F003346C5 /* TableViewCellScrollTests */,
			);
		};
/* End PBXProject section */

/* Begin PBXResourcesBuildPhase section */
		EF4D97071A8F864F003346C5 /* Resources */ = {
			isa = PBXResourcesBuildPhase;
			buildActionMask = 2147483647;
			files = (
				EF4D97181A8F864F003346C5 /* Main.storyboard in Resources */,
				EF4D971D1A8F864F003346C5 /* LaunchScreen.xib in Resources */,
				EF4D971A1A8F864F003346C5 /* Images.xcassets in Resources */,
			);
			runOnlyForDeploymentPostprocessing = 0;
		};
		EF4D97201A8F864F003346C5 /* Resources */ = {
			isa = PBXResourcesBuildPhase;
			buildActionMask = 2147483647;
			files = (
			);
			runOnlyForDeploymentPostprocessing = 0;
		};
/* End PBXResourcesBuildPhase section */

/* Begin PBXSourcesBuildPhase section */
		EF4D97051A8F864F003346C5 /* Sources */ = {
			isa = PBXSourcesBuildPhase;
			buildActionMask = 2147483647;
			files = (
				EF4D97151A8F864F003346C5 /* ViewController.m in Sources */,
				EF4D97121A8F864F003346C5 /* AppDelegate.m in Sources */,
				EF4D970F1A8F864F003346C5 /* main.m in Sources */,
			);
			runOnlyForDeploymentPostprocessing = 0;
		};
		EF4D971E1A8F864F003346C5 /* Sources */ = {
			isa = PBXSourcesBuildPhase;
			buildActionMask = 2147483647;
			files = (
				EF4D97291A8F864F003346C5 /* TableViewCellScrollTests.m in Sources */,
			);
			runOnlyForDeploymentPostprocessing = 0;
		};
/* End PBXSourcesBuildPhase section */

/* Begin PBXTargetDependency section */
		EF4D97241A8F864F003346C5 /* PBXTargetDependency */ = {
			isa = PBXTargetDependency;
			target = EF4D97081A8F864F003346C5 /* TableViewCellScroll */;
			targetProxy = EF4D97231A8F864F003346C5 /* PBXContainerItemProxy */;
		};
/* End PBXTargetDependency section */

/* Begin PBXVariantGroup section */
		EF4D97161A8F864F003346C5 /* Main.storyboard */ = {
			isa = PBXVariantGroup;
			children = (
				EF4D97171A8F864F003346C5 /* Base */,
			);
			name = Main.storyboard;
			sourceTree = "<group>";
		};
		EF4D971B1A8F864F003346C5 /* LaunchScreen.xib */ = {
			isa = PBXVariantGroup;
			children = (
				EF4D971C1A8F864F003346C5 /* Base */,
			);
			name = LaunchScreen.xib;
			sourceTree = "<group>";
		};
/* End PBXVariantGroup section */

/* Begin XCBuildConfiguration section */
		EF4D972A1A8F864F003346C5 /* Debug */ = {
			isa = XCBuildConfiguration;
			buildSettings = {
				ALWAYS_SEARCH_USER_PATHS = NO;
				CLANG_CXX_LANGUAGE_STANDARD = "gnu++0x";
				CLANG_CXX_LIBRARY = "libc++";
				CLANG_ENABLE_MODULES = YES;
				CLANG_ENABLE_OBJC_ARC = YES;
				CLANG_WARN_BOOL_CONVERSION = YES;
				CLANG_WARN_CONSTANT_CONVERSION = YES;
				CLANG_WARN_DIRECT_OBJC_ISA_USAGE = YES_ERROR;
				CLANG_WARN_EMPTY_BODY = YES;
				CLANG_WARN_ENUM_CONVERSION = YES;
				CLANG_WARN_INT_CONVERSION = YES;
				CLANG_WARN_OBJC_ROOT_CLASS = YES_ERROR;
				CLANG_WARN_UNREACHABLE_CODE = YES;
				CLANG_WARN__DUPLICATE_METHOD_MATCH = YES;
				"CODE_SIGN_IDENTITY[sdk=iphoneos*]" = "iPhone Developer";
				COPY_PHASE_STRIP = NO;
				ENABLE_STRICT_OBJC_MSGSEND = YES;
				GCC_C_LANGUAGE_STANDARD = gnu99;
				GCC_DYNAMIC_NO_PIC = NO;
				GCC_OPTIMIZATION_LEVEL = 0;
				GCC_PREPROCESSOR_DEFINITIONS = (
					"DEBUG=1",
					"$(inherited)",
				);
				GCC_SYMBOLS_PRIVATE_EXTERN = NO;
				GCC_WARN_64_TO_32_BIT_CONVERSION = YES;
				GCC_WARN_ABOUT_RETURN_TYPE = YES_ERROR;
				GCC_WARN_UNDECLARED_SELECTOR = YES;
				GCC_WARN_UNINITIALIZED_AUTOS = YES_AGGRESSIVE;
				GCC_WARN_UNUSED_FUNCTION = YES;
				GCC_WARN_UNUSED_VARIABLE = YES;
				IPHONEOS_DEPLOYMENT_TARGET = 8.0;
				MTL_ENABLE_DEBUG_INFO = YES;
				ONLY_ACTIVE_ARCH = YES;
				SDKROOT = iphoneos;
			};
			name = Debug;
		};
		EF4D972B1A8F864F003346C5 /* Release */ = {
			isa = XCBuildConfiguration;
			buildSettings = {
				ALWAYS_SEARCH_USER_PATHS = NO;
				CLANG_CXX_LANGUAGE_STANDARD = "gnu++0x";
				CLANG_CXX_LIBRARY = "libc++";
				CLANG_ENABLE_MODULES = YES;
				CLANG_ENABLE_OBJC_ARC = YES;
				CLANG_WARN_BOOL_CONVERSION = YES;
				CLANG_WARN_CONSTANT_CONVERSION = YES;
				CLANG_WARN_DIRECT_OBJC_ISA_USAGE = YES_ERROR;
				CLANG_WARN_EMPTY_BODY = YES;
				CLANG_WARN_ENUM_CONVERSION = YES;
				CLANG_WARN_INT_CONVERSION = YES;
				CLANG_WARN_OBJC_ROOT_CLASS = YES_ERROR;
				CLANG_WARN_UNREACHABLE_CODE = YES;
				CLANG_WARN__DUPLICATE_METHOD_MATCH = YES;
				"CODE_SIGN_IDENTITY[sdk=iphoneos*]" = "iPhone Developer";
				COPY_PHASE_STRIP = YES;
				ENABLE_NS_ASSERTIONS = NO;
				ENABLE_STRICT_OBJC_MSGSEND = YES;
				GCC_C_LANGUAGE_STANDARD = gnu99;
				GCC_WARN_64_TO_32_BIT_CONVERSION = YES;
				GCC_WARN_ABOUT_RETURN_TYPE = YES_ERROR;
				GCC_WARN_UNDECLARED_SELECTOR = YES;
				GCC_WARN_UNINITIALIZED_AUTOS = YES_AGGRESSIVE;
				GCC_WARN_UNUSED_FUNCTION = YES;
				GCC_WARN_UNUSED_VARIABLE = YES;
				IPHONEOS_DEPLOYMENT_TARGET = 8.0;
				MTL_ENABLE_DEBUG_INFO = NO;
				SDKROOT = iphoneos;
				VALIDATE_PRODUCT = YES;
			};
			name = Release;
		};
		EF4D972D1A8F864F003346C5 /* Debug */ = {
			isa = XCBuildConfiguration;
			buildSettings = {
				ASSETCATALOG_COMPILER_APPICON_NAME = AppIcon;
				INFOPLIST_FILE = TableViewCellScroll/Info.plist;
				LD_RUNPATH_SEARCH_PATHS = "$(inherited) @executable_path/Frameworks";
				PRODUCT_NAME = "$(TARGET_NAME)";
			};
			name = Debug;
		};
		EF4D972E1A8F864F003346C5 /* Release */ = {
			isa = XCBuildConfiguration;
			buildSettings = {
				ASSETCATALOG_COMPILER_APPICON_NAME = AppIcon;
				INFOPLIST_FILE = TableViewCellScroll/Info.plist;
				LD_RUNPATH_SEARCH_PATHS = "$(inherited) @executable_path/Frameworks";
				PRODUCT_NAME = "$(TARGET_NAME)";
			};
			name = Release;
		};
		EF4D97301A8F864F003346C5 /* Debug */ = {
			isa = XCBuildConfiguration;
			buildSettings = {
				BUNDLE_LOADER = "$(TEST_HOST)";
				FRAMEWORK_SEARCH_PATHS = (
					"$(SDKROOT)/Developer/Library/Frameworks",
					"$(inherited)",
				);
				GCC_PREPROCESSOR_DEFINITIONS = (
					"DEBUG=1",
					"$(inherited)",
				);
				INFOPLIST_FILE = TableViewCellScrollTests/Info.plist;
				LD_RUNPATH_SEARCH_PATHS = "$(inherited) @executable_path/Frameworks @loader_path/Frameworks";
				PRODUCT_NAME = "$(TARGET_NAME)";
				TEST_HOST = "$(BUILT_PRODUCTS_DIR)/TableViewCellScroll.app/TableViewCellScroll";
			};
			name = Debug;
		};
		EF4D97311A8F864F003346C5 /* Release */ = {
			isa = XCBuildConfiguration;
			buildSettings = {
				BUNDLE_LOADER = "$(TEST_HOST)";
				FRAMEWORK_SEARCH_PATHS = (
					"$(SDKROOT)/Developer/Library/Frameworks",
					"$(inherited)",
				);
				INFOPLIST_FILE = TableViewCellScrollTests/Info.plist;
				LD_RUNPATH_SEARCH_PATHS = "$(inherited) @executable_path/Frameworks @loader_path/Frameworks";
				PRODUCT_NAME = "$(TARGET_NAME)";
				TEST_HOST = "$(BUILT_PRODUCTS_DIR)/TableViewCellScroll.app/TableViewCellScroll";
			};
			name = Release;
		};
/* End XCBuildConfiguration section */

/* Begin XCConfigurationList section */
		EF4D97041A8F864F003346C5 /* Build configuration list for PBXProject "TableViewCellScroll" */ = {
			isa = XCConfigurationList;
			buildConfigurations = (
				EF4D972A1A8F864F003346C5 /* Debug */,
				EF4D972B1A8F864F003346C5 /* Release */,
			);
			defaultConfigurationIsVisible = 0;
			defaultConfigurationName = Release;
		};
		EF4D972C1A8F864F003346C5 /* Build configuration list for PBXNativeTarget "TableViewCellScroll" */ = {
			isa = XCConfigurationList;
			buildConfigurations = (
				EF4D972D1A8F864F003346C5 /* Debug */,
				EF4D972E1A8F864F003346C5 /* Release */,
			);
			defaultConfigurationIsVisible = 0;
		};
		EF4D972F1A8F864F003346C5 /* Build configuration list for PBXNativeTarget "TableViewCellScrollTests" */ = {
			isa = XCConfigurationList;
			buildConfigurations = (
				EF4D97301A8F864F003346C5 /* Debug */,
				EF4D97311A8F864F003346C5 /* Release */,
			);
			defaultConfigurationIsVisible = 0;
		};
/* End XCConfigurationList section */
	};
	rootObject = EF4D97011A8F864F003346C5 /* Project object */;
}
